
Microsoft Visual Studio Solution File, Format Version 12.00
# Visual Studio Version 17
VisualStudioVersion = 17.14.36203.30
MinimumVisualStudioVersion = 10.0.40219.1
Project("{2150E333-8FDC-42A3-9474-1A3956D46DE8}") = "src", "src", "{827E0CD3-B72D-47B6-A68D-7590B98EB39B}"
EndProject
Project("{FAE04EC0-301F-11D3-BF4B-00C04F79EFBC}") = "Chiniseapp.Domain", "src\Chiniseapp.Domain\Chiniseapp.Domain.csproj", "{240F9D7C-3F98-427F-B758-CBDA12B06AF1}"
EndProject
Project("{FAE04EC0-301F-11D3-BF4B-00C04F79EFBC}") = "Chiniseapp.Application", "src\Chiniseapp.Application\Chiniseapp.Application.csproj", "{D872469C-4EF3-4703-A166-AE30E08506B3}"
EndProject
Project("{FAE04EC0-301F-11D3-BF4B-00C04F79EFBC}") = "Chiniseapp.Infrastructure", "src\Chiniseapp.Infrastructure\Chiniseapp.Infrastructure.csproj", "{6341B7E9-5163-4069-B190-884A751814E2}"
EndProject
Project("{FAE04EC0-301F-11D3-BF4B-00C04F79EFBC}") = "Chiniseapp.Api", "src\Chiniseapp.Api\Chiniseapp.Api.csproj", "{00309C36-49E4-4A1E-963F-18F6FCF95711}"
EndProject
Project("{2150E333-8FDC-42A3-9474-1A3956D46DE8}") = "tests", "tests", "{0AB3BF05-4346-4AA6-1389-037BE0695223}"
EndProject
Project("{FAE04EC0-301F-11D3-BF4B-00C04F79EFBC}") = "Chiniseapp.Tests", "tests\Chiniseapp.Tests\Chiniseapp.Tests.csproj", "{91C367DC-CDA9-4DB2-8712-7E3A5EAA9665}"
EndProject
Global
	GlobalSection(SolutionConfigurationPlatforms) = preSolution
		Debug|Any CPU = Debug|Any CPU
		Debug|x64 = Debug|x64
		Debug|x86 = Debug|x86
		Release|Any CPU = Release|Any CPU
		Release|x64 = Release|x64
		Release|x86 = Release|x86
	EndGlobalSection
	GlobalSection(ProjectConfigurationPlatforms) = postSolution
		{240F9D7C-3F98-427F-B758-CBDA12B06AF1}.Debug|Any CPU.ActiveCfg = Debug|Any CPU
		{240F9D7C-3F98-427F-B758-CBDA12B06AF1}.Debug|Any CPU.Build.0 = Debug|Any CPU
		{240F9D7C-3F98-427F-B758-CBDA12B06AF1}.Debug|x64.ActiveCfg = Debug|Any CPU
		{240F9D7C-3F98-427F-B758-CBDA12B06AF1}.Debug|x64.Build.0 = Debug|Any CPU
		{240F9D7C-3F98-427F-B758-CBDA12B06AF1}.Debug|x86.ActiveCfg = Debug|Any CPU
		{240F9D7C-3F98-427F-B758-CBDA12B06AF1}.Debug|x86.Build.0 = Debug|Any CPU
		{240F9D7C-3F98-427F-B758-CBDA12B06AF1}.Release|Any CPU.ActiveCfg = Release|Any CPU
		{240F9D7C-3F98-427F-B758-CBDA12B06AF1}.Release|Any CPU.Build.0 = Release|Any CPU
		{240F9D7C-3F98-427F-B758-CBDA12B06AF1}.Release|x64.ActiveCfg = Release|Any CPU
		{240F9D7C-3F98-427F-B758-CBDA12B06AF1}.Release|x64.Build.0 = Release|Any CPU
		{240F9D7C-3F98-427F-B758-CBDA12B06AF1}.Release|x86.ActiveCfg = Release|Any CPU
		{240F9D7C-3F98-427F-B758-CBDA12B06AF1}.Release|x86.Build.0 = Release|Any CPU
		{D872469C-4EF3-4703-A166-AE30E08506B3}.Debug|Any CPU.ActiveCfg = Debug|Any CPU
		{D872469C-4EF3-4703-A166-AE30E08506B3}.Debug|Any CPU.Build.0 = Debug|Any CPU
		{D872469C-4EF3-4703-A166-AE30E08506B3}.Debug|x64.ActiveCfg = Debug|Any CPU
		{D872469C-4EF3-4703-A166-AE30E08506B3}.Debug|x64.Build.0 = Debug|Any CPU
		{D872469C-4EF3-4703-A166-AE30E08506B3}.Debug|x86.ActiveCfg = Debug|Any CPU
		{D872469C-4EF3-4703-A166-AE30E08506B3}.Debug|x86.Build.0 = Debug|Any CPU
		{D872469C-4EF3-4703-A166-AE30E08506B3}.Release|Any CPU.ActiveCfg = Release|Any CPU
		{D872469C-4EF3-4703-A166-AE30E08506B3}.Release|Any CPU.Build.0 = Release|Any CPU
		{D872469C-4EF3-4703-A166-AE30E08506B3}.Release|x64.ActiveCfg = Release|Any CPU
		{D872469C-4EF3-4703-A166-AE30E08506B3}.Release|x64.Build.0 = Release|Any CPU
		{D872469C-4EF3-4703-A166-AE30E08506B3}.Release|x86.ActiveCfg = Release|Any CPU
		{D872469C-4EF3-4703-A166-AE30E08506B3}.Release|x86.Build.0 = Release|Any CPU
		{6341B7E9-5163-4069-B190-884A751814E2}.Debug|Any CPU.ActiveCfg = Debug|Any CPU
		{6341B7E9-5163-4069-B190-884A751814E2}.Debug|Any CPU.Build.0 = Debug|Any CPU
		{6341B7E9-5163-4069-B190-884A751814E2}.Debug|x64.ActiveCfg = Debug|Any CPU
		{6341B7E9-5163-4069-B190-884A751814E2}.Debug|x64.Build.0 = Debug|Any CPU
		{6341B7E9-5163-4069-B190-884A751814E2}.Debug|x86.ActiveCfg = Debug|Any CPU
		{6341B7E9-5163-4069-B190-884A751814E2}.Debug|x86.Build.0 = Debug|Any CPU
		{6341B7E9-5163-4069-B190-884A751814E2}.Release|Any CPU.ActiveCfg = Release|Any CPU
		{6341B7E9-5163-4069-B190-884A751814E2}.Release|Any CPU.Build.0 = Release|Any CPU
		{6341B7E9-5163-4069-B190-884A751814E2}.Release|x64.ActiveCfg = Release|Any CPU
		{6341B7E9-5163-4069-B190-884A751814E2}.Release|x64.Build.0 = Release|Any CPU
		{6341B7E9-5163-4069-B190-884A751814E2}.Release|x86.ActiveCfg = Release|Any CPU
		{6341B7E9-5163-4069-B190-884A751814E2}.Release|x86.Build.0 = Release|Any CPU
		{00309C36-49E4-4A1E-963F-18F6FCF95711}.Debug|Any CPU.ActiveCfg = Debug|Any CPU
		{00309C36-49E4-4A1E-963F-18F6FCF95711}.Debug|Any CPU.Build.0 = Debug|Any CPU
		{00309C36-49E4-4A1E-963F-18F6FCF95711}.Debug|x64.ActiveCfg = Debug|Any CPU
		{00309C36-49E4-4A1E-963F-18F6FCF95711}.Debug|x64.Build.0 = Debug|Any CPU
		{00309C36-49E4-4A1E-963F-18F6FCF95711}.Debug|x86.ActiveCfg = Debug|Any CPU
		{00309C36-49E4-4A1E-963F-18F6FCF95711}.Debug|x86.Build.0 = Debug|Any CPU
		{00309C36-49E4-4A1E-963F-18F6FCF95711}.Release|Any CPU.ActiveCfg = Release|Any CPU
		{00309C36-49E4-4A1E-963F-18F6FCF95711}.Release|Any CPU.Build.0 = Release|Any CPU
		{00309C36-49E4-4A1E-963F-18F6FCF95711}.Release|x64.ActiveCfg = Release|Any CPU
		{00309C36-49E4-4A1E-963F-18F6FCF95711}.Release|x64.Build.0 = Release|Any CPU
		{00309C36-49E4-4A1E-963F-18F6FCF95711}.Release|x86.ActiveCfg = Release|Any CPU
		{00309C36-49E4-4A1E-963F-18F6FCF95711}.Release|x86.Build.0 = Release|Any CPU
		{91C367DC-CDA9-4DB2-8712-7E3A5EAA9665}.Debug|Any CPU.ActiveCfg = Debug|Any CPU
		{91C367DC-CDA9-4DB2-8712-7E3A5EAA9665}.Debug|Any CPU.Build.0 = Debug|Any CPU
		{91C367DC-CDA9-4DB2-8712-7E3A5EAA9665}.Debug|x64.ActiveCfg = Debug|Any CPU
		{91C367DC-CDA9-4DB2-8712-7E3A5EAA9665}.Debug|x64.Build.0 = Debug|Any CPU
		{91C367DC-CDA9-4DB2-8712-7E3A5EAA9665}.Debug|x86.ActiveCfg = Debug|Any CPU
		{91C367DC-CDA9-4DB2-8712-7E3A5EAA9665}.Debug|x86.Build.0 = Debug|Any CPU
		{91C367DC-CDA9-4DB2-8712-7E3A5EAA9665}.Release|Any CPU.ActiveCfg = Release|Any CPU
		{91C367DC-CDA9-4DB2-8712-7E3A5EAA9665}.Release|Any CPU.Build.0 = Release|Any CPU
		{91C367DC-CDA9-4DB2-8712-7E3A5EAA9665}.Release|x64.ActiveCfg = Release|Any CPU
		{91C367DC-CDA9-4DB2-8712-7E3A5EAA9665}.Release|x64.Build.0 = Release|Any CPU
		{91C367DC-CDA9-4DB2-8712-7E3A5EAA9665}.Release|x86.ActiveCfg = Release|Any CPU
		{91C367DC-CDA9-4DB2-8712-7E3A5EAA9665}.Release|x86.Build.0 = Release|Any CPU
	EndGlobalSection
	GlobalSection(SolutionProperties) = preSolution
		HideSolutionNode = FALSE
	EndGlobalSection
	GlobalSection(NestedProjects) = preSolution
		{240F9D7C-3F98-427F-B758-CBDA12B06AF1} = {827E0CD3-B72D-47B6-A68D-7590B98EB39B}
		{D872469C-4EF3-4703-A166-AE30E08506B3} = {827E0CD3-B72D-47B6-A68D-7590B98EB39B}
		{6341B7E9-5163-4069-B190-884A751814E2} = {827E0CD3-B72D-47B6-A68D-7590B98EB39B}
		{00309C36-49E4-4A1E-963F-18F6FCF95711} = {827E0CD3-B72D-47B6-A68D-7590B98EB39B}
		{91C367DC-CDA9-4DB2-8712-7E3A5EAA9665} = {0AB3BF05-4346-4AA6-1389-037BE0695223}
	EndGlobalSection
	GlobalSection(ExtensibilityGlobals) = postSolution
		SolutionGuid = {BD246875-AA5F-40C8-BFA6-B7F147E8CB3A}
	EndGlobalSection
EndGlobal
